# THIS IS AN AUTOGENERATED FILE. DO NOT EDIT THIS FILE DIRECTLY.
# yarn lockfile v1


clsx@^1.1.1:
  version "1.2.1"
  resolved "https://registry.npmjs.org/clsx/-/clsx-1.2.1.tgz"
  integrity sha512-EcR6r5a8bj6pu3ycsa/E/cKVGuTgZJZdsyUYHOksG/UHIiKfjxzRxYJpyVBwYaQeOvghal9fcc4PidlgzugAQg==

core-js@^3.22.4:
  version "3.41.0"
  resolved "https://registry.npmjs.org/core-js/-/core-js-3.41.0.tgz"
  integrity sha512-SJ4/EHwS36QMJd6h/Rg+GyR4A5xE0FSI3eZ+iBVpfqf1x0eTSg1smWLHrA+2jQThZSh97fmSgFSU8B61nxosxA==

lodash.debounce@^4.0.8:
  version "4.0.8"
  resolved "https://registry.npmjs.org/lodash.debounce/-/lodash.debounce-4.0.8.tgz"
  integrity sha512-FT1yDzDYEoYWhnSGnpE/4Kj1fLZkDFyqRb7fNt6FdYOSxlUWAtp42Eh6Wb0rGIv/m9Bgo7x4GhQbm5Ys4SG5ow==

react-range-slider-input@^3.2.1:
  version "3.2.1"
  resolved "https://registry.npmjs.org/react-range-slider-input/-/react-range-slider-input-3.2.1.tgz"
  integrity sha512-MApTX4a/Uzm9ZrJFoWu2kM87TKHJpnHHBV2JR9N9WmOSWk832DDBT3suNN6vCQmFRRtfJO9stw+bsiGpto0Hig==
  dependencies:
    clsx "^1.1.1"
    core-js "^3.22.4"
